// !$*UTF8*$!
{
	archiveVersion = 1;
	classes = {
	};
	objectVersion = 46;
	objects = {

/* Begin PBXBuildFile section */
		5D4355741B5D45E2009F03F7 /* main.m in Sources */ = {isa = PBXBuildFile; fileRef = 5D4355731B5D45E2009F03F7 /* main.m */; };
		5D4355771B5D45E2009F03F7 /* AppDelegate.m in Sources */ = {isa = PBXBuildFile; fileRef = 5D4355761B5D45E2009F03F7 /* AppDelegate.m */; };
		5D43557A1B5D45E2009F03F7 /* ViewController.m in Sources */ = {isa = PBXBuildFile; fileRef = 5D4355791B5D45E2009F03F7 /* ViewController.m */; };
		5D43557D1B5D45E2009F03F7 /* Main.storyboard in Resources */ = {isa = PBXBuildFile; fileRef = 5D43557B1B5D45E2009F03F7 /* Main.storyboard */; };
		5D43557F1B5D45E2009F03F7 /* Images.xcassets in Resources */ = {isa = PBXBuildFile; fileRef = 5D43557E1B5D45E2009F03F7 /* Images.xcassets */; };
		5D4355821B5D45E2009F03F7 /* LaunchScreen.xib in Resources */ = {isa = PBXBuildFile; fileRef = 5D4355801B5D45E2009F03F7 /* LaunchScreen.xib */; };
		5D43558E1B5D45E2009F03F7 /* _721___Tests.m in Sources */ = {isa = PBXBuildFile; fileRef = 5D43558D1B5D45E2009F03F7 /* _721___Tests.m */; };
/* End PBXBuildFile section */

/* Begin PBXContainerItemProxy section */
		5D4355881B5D45E2009F03F7 /* PBXContainerItemProxy */ = {
			isa = PBXContainerItemProxy;
			containerPortal = 5D4355661B5D45E2009F03F7 /* Project object */;
			proxyType = 1;
			remoteGlobalIDString = 5D43556D1B5D45E2009F03F7;
			remoteInfo = "0721-简阅";
		};
/* End PBXContainerItemProxy section */

/* Begin PBXFileReference section */
		5D43556E1B5D45E2009F03F7 /* 0721-简阅.app */ = {isa = PBXFileReference; explicitFileType = wrapper.application; includeInIndex = 0; path = "0721-简阅.app"; sourceTree = BUILT_PRODUCTS_DIR; };
		5D4355721B5D45E2009F03F7 /* Info.plist */ = {isa = PBXFileReference; lastKnownFileType = text.plist.xml; path = Info.plist; sourceTree = "<group>"; };
		5D4355731B5D45E2009F03F7 /* main.m */ = {isa = PBXFileReference; lastKnownFileType = sourcecode.c.objc; path = main.m; sourceTree = "<group>"; };
		5D4355751B5D45E2009F03F7 /* AppDelegate.h */ = {isa = PBXFileReference; lastKnownFileType = sourcecode.c.h; path = AppDelegate.h; sourceTree = "<group>"; };
		5D4355761B5D45E2009F03F7 /* AppDelegate.m */ = {isa = PBXFileReference; lastKnownFileType = sourcecode.c.objc; path = AppDelegate.m; sourceTree = "<group>"; };
		5D4355781B5D45E2009F03F7 /* ViewController.h */ = {isa = PBXFileReference; lastKnownFileType = sourcecode.c.h; path = ViewController.h; sourceTree = "<group>"; };
		5D4355791B5D45E2009F03F7 /* ViewController.m */ = {isa = PBXFileReference; lastKnownFileType = sourcecode.c.objc; path = ViewController.m; sourceTree = "<group>"; };
		5D43557C1B5D45E2009F03F7 /* Base */ = {isa = PBXFileReference; lastKnownFileType = file.storyboard; name = Base; path = Base.lproj/Main.storyboard; sourceTree = "<group>"; };
		5D43557E1B5D45E2009F03F7 /* Images.xcassets */ = {isa = PBXFileReference; lastKnownFileType = folder.assetcatalog; path = Images.xcassets; sourceTree = "<group>"; };
		5D4355811B5D45E2009F03F7 /* Base */ = {isa = PBXFileReference; lastKnownFileType = file.xib; name = Base; path = Base.lproj/LaunchScreen.xib; sourceTree = "<group>"; };
		5D4355871B5D45E2009F03F7 /* 0721-简阅Tests.xctest */ = {isa = PBXFileReference; explicitFileType = wrapper.cfbundle; includeInIndex = 0; path = "0721-简阅Tests.xctest"; sourceTree = BUILT_PRODUCTS_DIR; };
		5D43558C1B5D45E2009F03F7 /* Info.plist */ = {isa = PBXFileReference; lastKnownFileType = text.plist.xml; path = Info.plist; sourceTree = "<group>"; };
		5D43558D1B5D45E2009F03F7 /* _721___Tests.m */ = {isa = PBXFileReference; lastKnownFileType = sourcecode.c.objc; path = "_721___Tests.m"; sourceTree = "<group>"; };
/* End PBXFileReference section */

/* Begin PBXFrameworksBuildPhase section */
		5D43556B1B5D45E2009F03F7 /* Frameworks */ = {
			isa = PBXFrameworksBuildPhase;
			buildActionMask = 2147483647;
			files = (
			);
			runOnlyForDeploymentPostprocessing = 0;
		};
		5D4355841B5D45E2009F03F7 /* Frameworks */ = {
			isa = PBXFrameworksBuildPhase;
			buildActionMask = 2147483647;
			files = (
			);
			runOnlyForDeploymentPostprocessing = 0;
		};
/* End PBXFrameworksBuildPhase section */

/* Begin PBXGroup section */
		5D4355651B5D45E2009F03F7 = {
			isa = PBXGroup;
			children = (
				5D4355701B5D45E2009F03F7 /* 0721-简阅 */,
				5D43558A1B5D45E2009F03F7 /* 0721-简阅Tests */,
				5D43556F1B5D45E2009F03F7 /* Products */,
			);
			sourceTree = "<group>";
		};
		5D43556F1B5D45E2009F03F7 /* Products */ = {
			isa = PBXGroup;
			children = (
				5D43556E1B5D45E2009F03F7 /* 0721-简阅.app */,
				5D4355871B5D45E2009F03F7 /* 0721-简阅Tests.xctest */,
			);
			name = Products;
			sourceTree = "<group>";
		};
		5D4355701B5D45E2009F03F7 /* 0721-简阅 */ = {
			isa = PBXGroup;
			children = (
				5D4355751B5D45E2009F03F7 /* AppDelegate.h */,
				5D4355761B5D45E2009F03F7 /* AppDelegate.m */,
				5D4355781B5D45E2009F03F7 /* ViewController.h */,
				5D4355791B5D45E2009F03F7 /* ViewController.m */,
				5D43557B1B5D45E2009F03F7 /* Main.storyboard */,
				5D43557E1B5D45E2009F03F7 /* Images.xcassets */,
				5D4355801B5D45E2009F03F7 /* LaunchScreen.xib */,
				5D4355711B5D45E2009F03F7 /* Supporting Files */,
			);
			path = "0721-简阅";
			sourceTree = "<group>";
		};
		5D4355711B5D45E2009F03F7 /* Supporting Files */ = {
			isa = PBXGroup;
			children = (
				5D4355721B5D45E2009F03F7 /* Info.plist */,
				5D4355731B5D45E2009F03F7 /* main.m */,
			);
			name = "Supporting Files";
			sourceTree = "<group>";
		};
		5D43558A1B5D45E2009F03F7 /* 0721-简阅Tests */ = {
			isa = PBXGroup;
			children = (
				5D43558D1B5D45E2009F03F7 /* _721___Tests.m */,
				5D43558B1B5D45E2009F03F7 /* Supporting Files */,
			);
			path = "0721-简阅Tests";
			sourceTree = "<group>";
		};
		5D43558B1B5D45E2009F03F7 /* Supporting Files */ = {
			isa = PBXGroup;
			children = (
				5D43558C1B5D45E2009F03F7 /* Info.plist */,
			);
			name = "Supporting Files";
			sourceTree = "<group>";
		};
/* End PBXGroup section */

/* Begin PBXNativeTarget section */
		5D43556D1B5D45E2009F03F7 /* 0721-简阅 */ = {
			isa = PBXNativeTarget;
			buildConfigurationList = 5D4355911B5D45E2009F03F7 /* Build configuration list for PBXNativeTarget "0721-简阅" */;
			buildPhases = (
				5D43556A1B5D45E2009F03F7 /* Sources */,
				5D43556B1B5D45E2009F03F7 /* Frameworks */,
				5D43556C1B5D45E2009F03F7 /* Resources */,
			);
			buildRules = (
			);
			dependencies = (
			);
			name = "0721-简阅";
			productName = "0721-简阅";
			productReference = 5D43556E1B5D45E2009F03F7 /* 0721-简阅.app */;
			productType = "com.apple.product-type.application";
		};
		5D4355861B5D45E2009F03F7 /* 0721-简阅Tests */ = {
			isa = PBXNativeTarget;
			buildConfigurationList = 5D4355941B5D45E2009F03F7 /* Build configuration list for PBXNativeTarget "0721-简阅Tests" */;
			buildPhases = (
				5D4355831B5D45E2009F03F7 /* Sources */,
				5D4355841B5D45E2009F03F7 /* Frameworks */,
				5D4355851B5D45E2009F03F7 /* Resources */,
			);
			buildRules = (
			);
			dependencies = (
				5D4355891B5D45E2009F03F7 /* PBXTargetDependency */,
			);
			name = "0721-简阅Tests";
			productName = "0721-简阅Tests";
			productReference = 5D4355871B5D45E2009F03F7 /* 0721-简阅Tests.xctest */;
			productType = "com.apple.product-type.bundle.unit-test";
		};
/* End PBXNativeTarget section */

/* Begin PBXProject section */
		5D4355661B5D45E2009F03F7 /* Project object */ = {
			isa = PBXProject;
			attributes = {
				LastUpgradeCheck = 0640;
				ORGANIZATIONNAME = ylm;
				TargetAttributes = {
					5D43556D1B5D45E2009F03F7 = {
						CreatedOnToolsVersion = 6.4;
					};
					5D4355861B5D45E2009F03F7 = {
						CreatedOnToolsVersion = 6.4;
						TestTargetID = 5D43556D1B5D45E2009F03F7;
					};
				};
			};
			buildConfigurationList = 5D4355691B5D45E2009F03F7 /* Build configuration list for PBXProject "0721-简阅" */;
			compatibilityVersion = "Xcode 3.2";
			developmentRegion = English;
			hasScannedForEncodings = 0;
			knownRegions = (
				en,
				Base,
			);
			mainGroup = 5D4355651B5D45E2009F03F7;
			productRefGroup = 5D43556F1B5D45E2009F03F7 /* Products */;
			projectDirPath = "";
			projectRoot = "";
			targets = (
				5D43556D1B5D45E2009F03F7 /* 0721-简阅 */,
				5D4355861B5D45E2009F03F7 /* 0721-简阅Tests */,
			);
		};
/* End PBXProject section */

/* Begin PBXResourcesBuildPhase section */
		5D43556C1B5D45E2009F03F7 /* Resources */ = {
			isa = PBXResourcesBuildPhase;
			buildActionMask = 2147483647;
			files = (
				5D43557D1B5D45E2009F03F7 /* Main.storyboard in Resources */,
				5D4355821B5D45E2009F03F7 /* LaunchScreen.xib in Resources */,
				5D43557F1B5D45E2009F03F7 /* Images.xcassets in Resources */,
			);
			runOnlyForDeploymentPostprocessing = 0;
		};
		5D4355851B5D45E2009F03F7 /* Resources */ = {
			isa = PBXResourcesBuildPhase;
			buildActionMask = 2147483647;
			files = (
			);
			runOnlyForDeploymentPostprocessing = 0;
		};
/* End PBXResourcesBuildPhase section */

/* Begin PBXSourcesBuildPhase section */
		5D43556A1B5D45E2009F03F7 /* Sources */ = {
			isa = PBXSourcesBuildPhase;
			buildActionMask = 2147483647;
			files = (
				5D43557A1B5D45E2009F03F7 /* ViewController.m in Sources */,
				5D4355771B5D45E2009F03F7 /* AppDelegate.m in Sources */,
				5D4355741B5D45E2009F03F7 /* main.m in Sources */,
			);
			runOnlyForDeploymentPostprocessing = 0;
		};
		5D4355831B5D45E2009F03F7 /* Sources */ = {
			isa = PBXSourcesBuildPhase;
			buildActionMask = 2147483647;
			files = (
				5D43558E1B5D45E2009F03F7 /* _721___Tests.m in Sources */,
			);
			runOnlyForDeploymentPostprocessing = 0;
		};
/* End PBXSourcesBuildPhase section */

/* Begin PBXTargetDependency section */
		5D4355891B5D45E2009F03F7 /* PBXTargetDependency */ = {
			isa = PBXTargetDependency;
			target = 5D43556D1B5D45E2009F03F7 /* 0721-简阅 */;
			targetProxy = 5D4355881B5D45E2009F03F7 /* PBXContainerItemProxy */;
		};
/* End PBXTargetDependency section */

/* Begin PBXVariantGroup section */
		5D43557B1B5D45E2009F03F7 /* Main.storyboard */ = {
			isa = PBXVariantGroup;
			children = (
				5D43557C1B5D45E2009F03F7 /* Base */,
			);
			name = Main.storyboard;
			sourceTree = "<group>";
		};
		5D4355801B5D45E2009F03F7 /* LaunchScreen.xib */ = {
			isa = PBXVariantGroup;
			children = (
				5D4355811B5D45E2009F03F7 /* Base */,
			);
			name = LaunchScreen.xib;
			sourceTree = "<group>";
		};
/* End PBXVariantGroup section */

/* Begin XCBuildConfiguration section */
		5D43558F1B5D45E2009F03F7 /* Debug */ = {
			isa = XCBuildConfiguration;
			buildSettings = {
				ALWAYS_SEARCH_USER_PATHS = NO;
				CLANG_CXX_LANGUAGE_STANDARD = "gnu++0x";
				CLANG_CXX_LIBRARY = "libc++";
				CLANG_ENABLE_MODULES = YES;
				CLANG_ENABLE_OBJC_ARC = YES;
				CLANG_WARN_BOOL_CONVERSION = YES;
				CLANG_WARN_CONSTANT_CONVERSION = YES;
				CLANG_WARN_DIRECT_OBJC_ISA_USAGE = YES_ERROR;
				CLANG_WARN_EMPTY_BODY = YES;
				CLANG_WARN_ENUM_CONVERSION = YES;
				CLANG_WARN_INT_CONVERSION = YES;
				CLANG_WARN_OBJC_ROOT_CLASS = YES_ERROR;
				CLANG_WARN_UNREACHABLE_CODE = YES;
				CLANG_WARN__DUPLICATE_METHOD_MATCH = YES;
				"CODE_SIGN_IDENTITY[sdk=iphoneos*]" = "iPhone Developer";
				COPY_PHASE_STRIP = NO;
				DEBUG_INFORMATION_FORMAT = "dwarf-with-dsym";
				ENABLE_STRICT_OBJC_MSGSEND = YES;
				GCC_C_LANGUAGE_STANDARD = gnu99;
				GCC_DYNAMIC_NO_PIC = NO;
				GCC_NO_COMMON_BLOCKS = YES;
				GCC_OPTIMIZATION_LEVEL = 0;
				GCC_PREPROCESSOR_DEFINITIONS = (
					"DEBUG=1",
					"$(inherited)",
				);
				GCC_SYMBOLS_PRIVATE_EXTERN = NO;
				GCC_WARN_64_TO_32_BIT_CONVERSION = YES;
				GCC_WARN_ABOUT_RETURN_TYPE = YES_ERROR;
				GCC_WARN_UNDECLARED_SELECTOR = YES;
				GCC_WARN_UNINITIALIZED_AUTOS = YES_AGGRESSIVE;
				GCC_WARN_UNUSED_FUNCTION = YES;
				GCC_WARN_UNUSED_VARIABLE = YES;
				IPHONEOS_DEPLOYMENT_TARGET = 8.4;
				MTL_ENABLE_DEBUG_INFO = YES;
				ONLY_ACTIVE_ARCH = YES;
				SDKROOT = iphoneos;
			};
			name = Debug;
		};
		5D4355901B5D45E2009F03F7 /* Release */ = {
			isa = XCBuildConfiguration;
			buildSettings = {
				ALWAYS_SEARCH_USER_PATHS = NO;
				CLANG_CXX_LANGUAGE_STANDARD = "gnu++0x";
				CLANG_CXX_LIBRARY = "libc++";
				CLANG_ENABLE_MODULES = YES;
				CLANG_ENABLE_OBJC_ARC = YES;
				CLANG_WARN_BOOL_CONVERSION = YES;
				CLANG_WARN_CONSTANT_CONVERSION = YES;
				CLANG_WARN_DIRECT_OBJC_ISA_USAGE = YES_ERROR;
				CLANG_WARN_EMPTY_BODY = YES;
				CLANG_WARN_ENUM_CONVERSION = YES;
				CLANG_WARN_INT_CONVERSION = YES;
				CLANG_WARN_OBJC_ROOT_CLASS = YES_ERROR;
				CLANG_WARN_UNREACHABLE_CODE = YES;
				CLANG_WARN__DUPLICATE_METHOD_MATCH = YES;
				"CODE_SIGN_IDENTITY[sdk=iphoneos*]" = "iPhone Developer";
				COPY_PHASE_STRIP = NO;
				DEBUG_INFORMATION_FORMAT = "dwarf-with-dsym";
				ENABLE_NS_ASSERTIONS = NO;
				ENABLE_STRICT_OBJC_MSGSEND = YES;
				GCC_C_LANGUAGE_STANDARD = gnu99;
				GCC_NO_COMMON_BLOCKS = YES;
				GCC_WARN_64_TO_32_BIT_CONVERSION = YES;
				GCC_WARN_ABOUT_RETURN_TYPE = YES_ERROR;
				GCC_WARN_UNDECLARED_SELECTOR = YES;
				GCC_WARN_UNINITIALIZED_AUTOS = YES_AGGRESSIVE;
				GCC_WARN_UNUSED_FUNCTION = YES;
				GCC_WARN_UNUSED_VARIABLE = YES;
				IPHONEOS_DEPLOYMENT_TARGET = 8.4;
				MTL_ENABLE_DEBUG_INFO = NO;
				SDKROOT = iphoneos;
				VALIDATE_PRODUCT = YES;
			};
			name = Release;
		};
		5D4355921B5D45E2009F03F7 /* Debug */ = {
			isa = XCBuildConfiguration;
			buildSettings = {
				ASSETCATALOG_COMPILER_APPICON_NAME = AppIcon;
				INFOPLIST_FILE = "0721-简阅/Info.plist";
				LD_RUNPATH_SEARCH_PATHS = "$(inherited) @executable_path/Frameworks";
				PRODUCT_NAME = "$(TARGET_NAME)";
			};
			name = Debug;
		};
		5D4355931B5D45E2009F03F7 /* Release */ = {
			isa = XCBuildConfiguration;
			buildSettings = {
				ASSETCATALOG_COMPILER_APPICON_NAME = AppIcon;
				INFOPLIST_FILE = "0721-简阅/Info.plist";
				LD_RUNPATH_SEARCH_PATHS = "$(inherited) @executable_path/Frameworks";
				PRODUCT_NAME = "$(TARGET_NAME)";
			};
			name = Release;
		};
		5D4355951B5D45E2009F03F7 /* Debug */ = {
			isa = XCBuildConfiguration;
			buildSettings = {
				BUNDLE_LOADER = "$(TEST_HOST)";
				FRAMEWORK_SEARCH_PATHS = (
					"$(SDKROOT)/Developer/Library/Frameworks",
					"$(inherited)",
				);
				GCC_PREPROCESSOR_DEFINITIONS = (
					"DEBUG=1",
					"$(inherited)",
				);
				INFOPLIST_FILE = "0721-简阅Tests/Info.plist";
				LD_RUNPATH_SEARCH_PATHS = "$(inherited) @executable_path/Frameworks @loader_path/Frameworks";
				PRODUCT_NAME = "$(TARGET_NAME)";
				TEST_HOST = "$(BUILT_PRODUCTS_DIR)/0721-简阅.app/0721-简阅";
			};
			name = Debug;
		};
		5D4355961B5D45E2009F03F7 /* Release */ = {
			isa = XCBuildConfiguration;
			buildSettings = {
				BUNDLE_LOADER = "$(TEST_HOST)";
				FRAMEWORK_SEARCH_PATHS = (
					"$(SDKROOT)/Developer/Library/Frameworks",
					"$(inherited)",
				);
				INFOPLIST_FILE = "0721-简阅Tests/Info.plist";
				LD_RUNPATH_SEARCH_PATHS = "$(inherited) @executable_path/Frameworks @loader_path/Frameworks";
				PRODUCT_NAME = "$(TARGET_NAME)";
				TEST_HOST = "$(BUILT_PRODUCTS_DIR)/0721-简阅.app/0721-简阅";
			};
			name = Release;
		};
/* End XCBuildConfiguration section */

/* Begin XCConfigurationList section */
		5D4355691B5D45E2009F03F7 /* Build configuration list for PBXProject "0721-简阅" */ = {
			isa = XCConfigurationList;
			buildConfigurations = (
				5D43558F1B5D45E2009F03F7 /* Debug */,
				5D4355901B5D45E2009F03F7 /* Release */,
			);
			defaultConfigurationIsVisible = 0;
			defaultConfigurationName = Release;
		};
		5D4355911B5D45E2009F03F7 /* Build configuration list for PBXNativeTarget "0721-简阅" */ = {
			isa = XCConfigurationList;
			buildConfigurations = (
				5D4355921B5D45E2009F03F7 /* Debug */,
				5D4355931B5D45E2009F03F7 /* Release */,
			);
			defaultConfigurationIsVisible = 0;
		};
		5D4355941B5D45E2009F03F7 /* Build configuration list for PBXNativeTarget "0721-简阅Tests" */ = {
			isa = XCConfigurationList;
			buildConfigurations = (
				5D4355951B5D45E2009F03F7 /* Debug */,
				5D4355961B5D45E2009F03F7 /* Release */,
			);
			defaultConfigurationIsVisible = 0;
		};
/* End XCConfigurationList section */
	};
	rootObject = 5D4355661B5D45E2009F03F7 /* Project object */;
}
